
Microsoft Visual Studio Solution File, Format Version 12.00
# Visual Studio Version 16
VisualStudioVersion = 16.0.30804.86
MinimumVisualStudioVersion = 15.0.26124.0
Project("{2150E333-8FDC-42A3-9474-1A3956D46DE8}") = "domain", "domain", "{7A3A31A6-AAB8-44AC-9ADB-B2372B1E3674}"
EndProject
Project("{2150E333-8FDC-42A3-9474-1A3956D46DE8}") = "infrastructure", "infrastructure", "{BA1760D6-E6A4-4E68-AF3D-02E112D102B5}"
EndProject
Project("{2150E333-8FDC-42A3-9474-1A3956D46DE8}") = "presentation", "presentation", "{EF05D28C-4F6C-4C52-8D2C-5151A1BE93A0}"
EndProject
Project("{9A19103F-16F7-4668-BE54-9A1E7A4F7556}") = "Bathhouse", "src\domain\Bathhouse\Bathhouse.csproj", "{8F0933DC-016F-424E-ADBA-9520D16B4D8C}"
EndProject
Project("{9A19103F-16F7-4668-BE54-9A1E7A4F7556}") = "Bathhouse.Api", "src\infrastructure\Bathhouse.Api\Bathhouse.Api.csproj", "{4425ED6A-00CC-4547-A9C8-6B07ED307609}"
EndProject
Project("{9A19103F-16F7-4668-BE54-9A1E7A4F7556}") = "Bathhouse.Web", "src\presentation\Bathhouse.Web\Bathhouse.Web.csproj", "{A6CADF88-A1B6-43CA-83A7-4D40706E24AD}"
EndProject
Project("{2150E333-8FDC-42A3-9474-1A3956D46DE8}") = "src", "src", "{6D942614-1EF1-4AE9-9908-152E09A726BF}"
EndProject
Project("{2150E333-8FDC-42A3-9474-1A3956D46DE8}") = "docs", "docs", "{430D9ACF-7DDA-4CC8-ADE3-F4240EE12B85}"
	ProjectSection(SolutionItems) = preProject
		docs\Bathhouse.Api.xml = docs\Bathhouse.Api.xml
		docs\Bathhouse.xml = docs\Bathhouse.xml
	EndProjectSection
EndProject
Project("{2150E333-8FDC-42A3-9474-1A3956D46DE8}") = "tests", "tests", "{A8C4C227-A0DB-44C8-BCAB-4594ED721338}"
EndProject
Project("{9A19103F-16F7-4668-BE54-9A1E7A4F7556}") = "Bathhouse.Test", "tests\Bathhouse.Test\Bathhouse.Test.csproj", "{979DA07F-9368-48BE-ADC4-B4D16B2F3D38}"
EndProject
Project("{9A19103F-16F7-4668-BE54-9A1E7A4F7556}") = "Bathhouse.EF", "src\infrastructure\Bathhouse.EF\Bathhouse.EF.csproj", "{4D1DD11B-2042-4C7D-9057-3E3786E71D42}"
EndProject
Project("{9A19103F-16F7-4668-BE54-9A1E7A4F7556}") = "Bathhouse.EF.InMemory", "src\infrastructure\Bathhouse.EF.InMemory\Bathhouse.EF.InMemory.csproj", "{9C4BBCDE-93AF-489D-B36B-C6967BDF994E}"
EndProject
Project("{FAE04EC0-301F-11D3-BF4B-00C04F79EFBC}") = "Bathhouse.Contracts", "src\infrastructure\Bathhouse.Contracts\Bathhouse.Contracts.csproj", "{22A535EA-A2C0-4469-B1B0-8B971C23AFED}"
EndProject
Global
	GlobalSection(SolutionConfigurationPlatforms) = preSolution
		Debug|Any CPU = Debug|Any CPU
		Debug|x64 = Debug|x64
		Debug|x86 = Debug|x86
		Release|Any CPU = Release|Any CPU
		Release|x64 = Release|x64
		Release|x86 = Release|x86
	EndGlobalSection
	GlobalSection(ProjectConfigurationPlatforms) = postSolution
		{8F0933DC-016F-424E-ADBA-9520D16B4D8C}.Debug|Any CPU.ActiveCfg = Debug|Any CPU
		{8F0933DC-016F-424E-ADBA-9520D16B4D8C}.Debug|Any CPU.Build.0 = Debug|Any CPU
		{8F0933DC-016F-424E-ADBA-9520D16B4D8C}.Debug|x64.ActiveCfg = Debug|Any CPU
		{8F0933DC-016F-424E-ADBA-9520D16B4D8C}.Debug|x64.Build.0 = Debug|Any CPU
		{8F0933DC-016F-424E-ADBA-9520D16B4D8C}.Debug|x86.ActiveCfg = Debug|Any CPU
		{8F0933DC-016F-424E-ADBA-9520D16B4D8C}.Debug|x86.Build.0 = Debug|Any CPU
		{8F0933DC-016F-424E-ADBA-9520D16B4D8C}.Release|Any CPU.ActiveCfg = Release|Any CPU
		{8F0933DC-016F-424E-ADBA-9520D16B4D8C}.Release|Any CPU.Build.0 = Release|Any CPU
		{8F0933DC-016F-424E-ADBA-9520D16B4D8C}.Release|x64.ActiveCfg = Release|Any CPU
		{8F0933DC-016F-424E-ADBA-9520D16B4D8C}.Release|x64.Build.0 = Release|Any CPU
		{8F0933DC-016F-424E-ADBA-9520D16B4D8C}.Release|x86.ActiveCfg = Release|Any CPU
		{8F0933DC-016F-424E-ADBA-9520D16B4D8C}.Release|x86.Build.0 = Release|Any CPU
		{4425ED6A-00CC-4547-A9C8-6B07ED307609}.Debug|Any CPU.ActiveCfg = Debug|Any CPU
		{4425ED6A-00CC-4547-A9C8-6B07ED307609}.Debug|Any CPU.Build.0 = Debug|Any CPU
		{4425ED6A-00CC-4547-A9C8-6B07ED307609}.Debug|x64.ActiveCfg = Debug|Any CPU
		{4425ED6A-00CC-4547-A9C8-6B07ED307609}.Debug|x64.Build.0 = Debug|Any CPU
		{4425ED6A-00CC-4547-A9C8-6B07ED307609}.Debug|x86.ActiveCfg = Debug|Any CPU
		{4425ED6A-00CC-4547-A9C8-6B07ED307609}.Debug|x86.Build.0 = Debug|Any CPU
		{4425ED6A-00CC-4547-A9C8-6B07ED307609}.Release|Any CPU.ActiveCfg = Release|Any CPU
		{4425ED6A-00CC-4547-A9C8-6B07ED307609}.Release|Any CPU.Build.0 = Release|Any CPU
		{4425ED6A-00CC-4547-A9C8-6B07ED307609}.Release|x64.ActiveCfg = Release|Any CPU
		{4425ED6A-00CC-4547-A9C8-6B07ED307609}.Release|x64.Build.0 = Release|Any CPU
		{4425ED6A-00CC-4547-A9C8-6B07ED307609}.Release|x86.ActiveCfg = Release|Any CPU
		{4425ED6A-00CC-4547-A9C8-6B07ED307609}.Release|x86.Build.0 = Release|Any CPU
		{A6CADF88-A1B6-43CA-83A7-4D40706E24AD}.Debug|Any CPU.ActiveCfg = Debug|Any CPU
		{A6CADF88-A1B6-43CA-83A7-4D40706E24AD}.Debug|Any CPU.Build.0 = Debug|Any CPU
		{A6CADF88-A1B6-43CA-83A7-4D40706E24AD}.Debug|x64.ActiveCfg = Debug|Any CPU
		{A6CADF88-A1B6-43CA-83A7-4D40706E24AD}.Debug|x64.Build.0 = Debug|Any CPU
		{A6CADF88-A1B6-43CA-83A7-4D40706E24AD}.Debug|x86.ActiveCfg = Debug|Any CPU
		{A6CADF88-A1B6-43CA-83A7-4D40706E24AD}.Debug|x86.Build.0 = Debug|Any CPU
		{A6CADF88-A1B6-43CA-83A7-4D40706E24AD}.Release|Any CPU.ActiveCfg = Release|Any CPU
		{A6CADF88-A1B6-43CA-83A7-4D40706E24AD}.Release|Any CPU.Build.0 = Release|Any CPU
		{A6CADF88-A1B6-43CA-83A7-4D40706E24AD}.Release|x64.ActiveCfg = Release|Any CPU
		{A6CADF88-A1B6-43CA-83A7-4D40706E24AD}.Release|x64.Build.0 = Release|Any CPU
		{A6CADF88-A1B6-43CA-83A7-4D40706E24AD}.Release|x86.ActiveCfg = Release|Any CPU
		{A6CADF88-A1B6-43CA-83A7-4D40706E24AD}.Release|x86.Build.0 = Release|Any CPU
		{979DA07F-9368-48BE-ADC4-B4D16B2F3D38}.Debug|Any CPU.ActiveCfg = Debug|Any CPU
		{979DA07F-9368-48BE-ADC4-B4D16B2F3D38}.Debug|Any CPU.Build.0 = Debug|Any CPU
		{979DA07F-9368-48BE-ADC4-B4D16B2F3D38}.Debug|x64.ActiveCfg = Debug|Any CPU
		{979DA07F-9368-48BE-ADC4-B4D16B2F3D38}.Debug|x64.Build.0 = Debug|Any CPU
		{979DA07F-9368-48BE-ADC4-B4D16B2F3D38}.Debug|x86.ActiveCfg = Debug|Any CPU
		{979DA07F-9368-48BE-ADC4-B4D16B2F3D38}.Debug|x86.Build.0 = Debug|Any CPU
		{979DA07F-9368-48BE-ADC4-B4D16B2F3D38}.Release|Any CPU.ActiveCfg = Release|Any CPU
		{979DA07F-9368-48BE-ADC4-B4D16B2F3D38}.Release|Any CPU.Build.0 = Release|Any CPU
		{979DA07F-9368-48BE-ADC4-B4D16B2F3D38}.Release|x64.ActiveCfg = Release|Any CPU
		{979DA07F-9368-48BE-ADC4-B4D16B2F3D38}.Release|x64.Build.0 = Release|Any CPU
		{979DA07F-9368-48BE-ADC4-B4D16B2F3D38}.Release|x86.ActiveCfg = Release|Any CPU
		{979DA07F-9368-48BE-ADC4-B4D16B2F3D38}.Release|x86.Build.0 = Release|Any CPU
		{4D1DD11B-2042-4C7D-9057-3E3786E71D42}.Debug|Any CPU.ActiveCfg = Debug|Any CPU
		{4D1DD11B-2042-4C7D-9057-3E3786E71D42}.Debug|Any CPU.Build.0 = Debug|Any CPU
		{4D1DD11B-2042-4C7D-9057-3E3786E71D42}.Debug|x64.ActiveCfg = Debug|Any CPU
		{4D1DD11B-2042-4C7D-9057-3E3786E71D42}.Debug|x64.Build.0 = Debug|Any CPU
		{4D1DD11B-2042-4C7D-9057-3E3786E71D42}.Debug|x86.ActiveCfg = Debug|Any CPU
		{4D1DD11B-2042-4C7D-9057-3E3786E71D42}.Debug|x86.Build.0 = Debug|Any CPU
		{4D1DD11B-2042-4C7D-9057-3E3786E71D42}.Release|Any CPU.ActiveCfg = Release|Any CPU
		{4D1DD11B-2042-4C7D-9057-3E3786E71D42}.Release|Any CPU.Build.0 = Release|Any CPU
		{4D1DD11B-2042-4C7D-9057-3E3786E71D42}.Release|x64.ActiveCfg = Release|Any CPU
		{4D1DD11B-2042-4C7D-9057-3E3786E71D42}.Release|x64.Build.0 = Release|Any CPU
		{4D1DD11B-2042-4C7D-9057-3E3786E71D42}.Release|x86.ActiveCfg = Release|Any CPU
		{4D1DD11B-2042-4C7D-9057-3E3786E71D42}.Release|x86.Build.0 = Release|Any CPU
		{9C4BBCDE-93AF-489D-B36B-C6967BDF994E}.Debug|Any CPU.ActiveCfg = Debug|Any CPU
		{9C4BBCDE-93AF-489D-B36B-C6967BDF994E}.Debug|Any CPU.Build.0 = Debug|Any CPU
		{9C4BBCDE-93AF-489D-B36B-C6967BDF994E}.Debug|x64.ActiveCfg = Debug|Any CPU
		{9C4BBCDE-93AF-489D-B36B-C6967BDF994E}.Debug|x64.Build.0 = Debug|Any CPU
		{9C4BBCDE-93AF-489D-B36B-C6967BDF994E}.Debug|x86.ActiveCfg = Debug|Any CPU
		{9C4BBCDE-93AF-489D-B36B-C6967BDF994E}.Debug|x86.Build.0 = Debug|Any CPU
		{9C4BBCDE-93AF-489D-B36B-C6967BDF994E}.Release|Any CPU.ActiveCfg = Release|Any CPU
		{9C4BBCDE-93AF-489D-B36B-C6967BDF994E}.Release|Any CPU.Build.0 = Release|Any CPU
		{9C4BBCDE-93AF-489D-B36B-C6967BDF994E}.Release|x64.ActiveCfg = Release|Any CPU
		{9C4BBCDE-93AF-489D-B36B-C6967BDF994E}.Release|x64.Build.0 = Release|Any CPU
		{9C4BBCDE-93AF-489D-B36B-C6967BDF994E}.Release|x86.ActiveCfg = Release|Any CPU
		{9C4BBCDE-93AF-489D-B36B-C6967BDF994E}.Release|x86.Build.0 = Release|Any CPU
		{22A535EA-A2C0-4469-B1B0-8B971C23AFED}.Debug|Any CPU.ActiveCfg = Debug|Any CPU
		{22A535EA-A2C0-4469-B1B0-8B971C23AFED}.Debug|Any CPU.Build.0 = Debug|Any CPU
		{22A535EA-A2C0-4469-B1B0-8B971C23AFED}.Debug|x64.ActiveCfg = Debug|Any CPU
		{22A535EA-A2C0-4469-B1B0-8B971C23AFED}.Debug|x64.Build.0 = Debug|Any CPU
		{22A535EA-A2C0-4469-B1B0-8B971C23AFED}.Debug|x86.ActiveCfg = Debug|Any CPU
		{22A535EA-A2C0-4469-B1B0-8B971C23AFED}.Debug|x86.Build.0 = Debug|Any CPU
		{22A535EA-A2C0-4469-B1B0-8B971C23AFED}.Release|Any CPU.ActiveCfg = Release|Any CPU
		{22A535EA-A2C0-4469-B1B0-8B971C23AFED}.Release|Any CPU.Build.0 = Release|Any CPU
		{22A535EA-A2C0-4469-B1B0-8B971C23AFED}.Release|x64.ActiveCfg = Release|Any CPU
		{22A535EA-A2C0-4469-B1B0-8B971C23AFED}.Release|x64.Build.0 = Release|Any CPU
		{22A535EA-A2C0-4469-B1B0-8B971C23AFED}.Release|x86.ActiveCfg = Release|Any CPU
		{22A535EA-A2C0-4469-B1B0-8B971C23AFED}.Release|x86.Build.0 = Release|Any CPU
	EndGlobalSection
	GlobalSection(SolutionProperties) = preSolution
		HideSolutionNode = FALSE
	EndGlobalSection
	GlobalSection(NestedProjects) = preSolution
		{7A3A31A6-AAB8-44AC-9ADB-B2372B1E3674} = {6D942614-1EF1-4AE9-9908-152E09A726BF}
		{BA1760D6-E6A4-4E68-AF3D-02E112D102B5} = {6D942614-1EF1-4AE9-9908-152E09A726BF}
		{EF05D28C-4F6C-4C52-8D2C-5151A1BE93A0} = {6D942614-1EF1-4AE9-9908-152E09A726BF}
		{8F0933DC-016F-424E-ADBA-9520D16B4D8C} = {7A3A31A6-AAB8-44AC-9ADB-B2372B1E3674}
		{4425ED6A-00CC-4547-A9C8-6B07ED307609} = {BA1760D6-E6A4-4E68-AF3D-02E112D102B5}
		{A6CADF88-A1B6-43CA-83A7-4D40706E24AD} = {EF05D28C-4F6C-4C52-8D2C-5151A1BE93A0}
		{979DA07F-9368-48BE-ADC4-B4D16B2F3D38} = {A8C4C227-A0DB-44C8-BCAB-4594ED721338}
		{4D1DD11B-2042-4C7D-9057-3E3786E71D42} = {BA1760D6-E6A4-4E68-AF3D-02E112D102B5}
		{9C4BBCDE-93AF-489D-B36B-C6967BDF994E} = {BA1760D6-E6A4-4E68-AF3D-02E112D102B5}
		{22A535EA-A2C0-4469-B1B0-8B971C23AFED} = {BA1760D6-E6A4-4E68-AF3D-02E112D102B5}
	EndGlobalSection
	GlobalSection(ExtensibilityGlobals) = postSolution
		SolutionGuid = {CCC43692-0E4B-45C2-907D-222FBB234B1A}
	EndGlobalSection
EndGlobal
