
Microsoft Visual Studio Solution File, Format Version 12.00
# Visual Studio Version 16
VisualStudioVersion = 16.0.30804.86
MinimumVisualStudioVersion = 15.0.26124.0
Project("{2150E333-8FDC-42A3-9474-1A3956D46DE8}") = "domain", "domain", "{7A3A31A6-AAB8-44AC-9ADB-B2372B1E3674}"
EndProject
Project("{2150E333-8FDC-42A3-9474-1A3956D46DE8}") = "infrastructure", "infrastructure", "{BA1760D6-E6A4-4E68-AF3D-02E112D102B5}"
EndProject
Project("{2150E333-8FDC-42A3-9474-1A3956D46DE8}") = "presentation", "presentation", "{EF05D28C-4F6C-4C52-8D2C-5151A1BE93A0}"
EndProject
Project("{9A19103F-16F7-4668-BE54-9A1E7A4F7556}") = "Bathhouse", "src\domain\Bathhouse\Bathhouse.csproj", "{8F0933DC-016F-424E-ADBA-9520D16B4D8C}"
EndProject
Project("{9A19103F-16F7-4668-BE54-9A1E7A4F7556}") = "Bathhouse.Api", "src\infrastructure\Bathhouse.Api\Bathhouse.Api.csproj", "{4425ED6A-00CC-4547-A9C8-6B07ED307609}"
EndProject
Project("{9A19103F-16F7-4668-BE54-9A1E7A4F7556}") = "Bathhouse.Memory", "src\infrastructure\Bathhouse.Memory\Bathhouse.Memory.csproj", "{D03F9A56-C3AE-45D0-BB4E-43ECD25A568B}"
EndProject
Project("{9A19103F-16F7-4668-BE54-9A1E7A4F7556}") = "Bathhouse.Web", "src\presentation\Bathhouse.Web\Bathhouse.Web.csproj", "{A6CADF88-A1B6-43CA-83A7-4D40706E24AD}"
EndProject
Project("{2150E333-8FDC-42A3-9474-1A3956D46DE8}") = "src", "src", "{6D942614-1EF1-4AE9-9908-152E09A726BF}"
EndProject
Global
	GlobalSection(SolutionConfigurationPlatforms) = preSolution
		Debug|Any CPU = Debug|Any CPU
		Debug|x64 = Debug|x64
		Debug|x86 = Debug|x86
		Release|Any CPU = Release|Any CPU
		Release|x64 = Release|x64
		Release|x86 = Release|x86
	EndGlobalSection
	GlobalSection(ProjectConfigurationPlatforms) = postSolution
		{8F0933DC-016F-424E-ADBA-9520D16B4D8C}.Debug|Any CPU.ActiveCfg = Debug|Any CPU
		{8F0933DC-016F-424E-ADBA-9520D16B4D8C}.Debug|Any CPU.Build.0 = Debug|Any CPU
		{8F0933DC-016F-424E-ADBA-9520D16B4D8C}.Debug|x64.ActiveCfg = Debug|Any CPU
		{8F0933DC-016F-424E-ADBA-9520D16B4D8C}.Debug|x64.Build.0 = Debug|Any CPU
		{8F0933DC-016F-424E-ADBA-9520D16B4D8C}.Debug|x86.ActiveCfg = Debug|Any CPU
		{8F0933DC-016F-424E-ADBA-9520D16B4D8C}.Debug|x86.Build.0 = Debug|Any CPU
		{8F0933DC-016F-424E-ADBA-9520D16B4D8C}.Release|Any CPU.ActiveCfg = Release|Any CPU
		{8F0933DC-016F-424E-ADBA-9520D16B4D8C}.Release|Any CPU.Build.0 = Release|Any CPU
		{8F0933DC-016F-424E-ADBA-9520D16B4D8C}.Release|x64.ActiveCfg = Release|Any CPU
		{8F0933DC-016F-424E-ADBA-9520D16B4D8C}.Release|x64.Build.0 = Release|Any CPU
		{8F0933DC-016F-424E-ADBA-9520D16B4D8C}.Release|x86.ActiveCfg = Release|Any CPU
		{8F0933DC-016F-424E-ADBA-9520D16B4D8C}.Release|x86.Build.0 = Release|Any CPU
		{4425ED6A-00CC-4547-A9C8-6B07ED307609}.Debug|Any CPU.ActiveCfg = Debug|Any CPU
		{4425ED6A-00CC-4547-A9C8-6B07ED307609}.Debug|Any CPU.Build.0 = Debug|Any CPU
		{4425ED6A-00CC-4547-A9C8-6B07ED307609}.Debug|x64.ActiveCfg = Debug|Any CPU
		{4425ED6A-00CC-4547-A9C8-6B07ED307609}.Debug|x64.Build.0 = Debug|Any CPU
		{4425ED6A-00CC-4547-A9C8-6B07ED307609}.Debug|x86.ActiveCfg = Debug|Any CPU
		{4425ED6A-00CC-4547-A9C8-6B07ED307609}.Debug|x86.Build.0 = Debug|Any CPU
		{4425ED6A-00CC-4547-A9C8-6B07ED307609}.Release|Any CPU.ActiveCfg = Release|Any CPU
		{4425ED6A-00CC-4547-A9C8-6B07ED307609}.Release|Any CPU.Build.0 = Release|Any CPU
		{4425ED6A-00CC-4547-A9C8-6B07ED307609}.Release|x64.ActiveCfg = Release|Any CPU
		{4425ED6A-00CC-4547-A9C8-6B07ED307609}.Release|x64.Build.0 = Release|Any CPU
		{4425ED6A-00CC-4547-A9C8-6B07ED307609}.Release|x86.ActiveCfg = Release|Any CPU
		{4425ED6A-00CC-4547-A9C8-6B07ED307609}.Release|x86.Build.0 = Release|Any CPU
		{D03F9A56-C3AE-45D0-BB4E-43ECD25A568B}.Debug|Any CPU.ActiveCfg = Debug|Any CPU
		{D03F9A56-C3AE-45D0-BB4E-43ECD25A568B}.Debug|Any CPU.Build.0 = Debug|Any CPU
		{D03F9A56-C3AE-45D0-BB4E-43ECD25A568B}.Debug|x64.ActiveCfg = Debug|Any CPU
		{D03F9A56-C3AE-45D0-BB4E-43ECD25A568B}.Debug|x64.Build.0 = Debug|Any CPU
		{D03F9A56-C3AE-45D0-BB4E-43ECD25A568B}.Debug|x86.ActiveCfg = Debug|Any CPU
		{D03F9A56-C3AE-45D0-BB4E-43ECD25A568B}.Debug|x86.Build.0 = Debug|Any CPU
		{D03F9A56-C3AE-45D0-BB4E-43ECD25A568B}.Release|Any CPU.ActiveCfg = Release|Any CPU
		{D03F9A56-C3AE-45D0-BB4E-43ECD25A568B}.Release|Any CPU.Build.0 = Release|Any CPU
		{D03F9A56-C3AE-45D0-BB4E-43ECD25A568B}.Release|x64.ActiveCfg = Release|Any CPU
		{D03F9A56-C3AE-45D0-BB4E-43ECD25A568B}.Release|x64.Build.0 = Release|Any CPU
		{D03F9A56-C3AE-45D0-BB4E-43ECD25A568B}.Release|x86.ActiveCfg = Release|Any CPU
		{D03F9A56-C3AE-45D0-BB4E-43ECD25A568B}.Release|x86.Build.0 = Release|Any CPU
		{A6CADF88-A1B6-43CA-83A7-4D40706E24AD}.Debug|Any CPU.ActiveCfg = Debug|Any CPU
		{A6CADF88-A1B6-43CA-83A7-4D40706E24AD}.Debug|Any CPU.Build.0 = Debug|Any CPU
		{A6CADF88-A1B6-43CA-83A7-4D40706E24AD}.Debug|x64.ActiveCfg = Debug|Any CPU
		{A6CADF88-A1B6-43CA-83A7-4D40706E24AD}.Debug|x64.Build.0 = Debug|Any CPU
		{A6CADF88-A1B6-43CA-83A7-4D40706E24AD}.Debug|x86.ActiveCfg = Debug|Any CPU
		{A6CADF88-A1B6-43CA-83A7-4D40706E24AD}.Debug|x86.Build.0 = Debug|Any CPU
		{A6CADF88-A1B6-43CA-83A7-4D40706E24AD}.Release|Any CPU.ActiveCfg = Release|Any CPU
		{A6CADF88-A1B6-43CA-83A7-4D40706E24AD}.Release|Any CPU.Build.0 = Release|Any CPU
		{A6CADF88-A1B6-43CA-83A7-4D40706E24AD}.Release|x64.ActiveCfg = Release|Any CPU
		{A6CADF88-A1B6-43CA-83A7-4D40706E24AD}.Release|x64.Build.0 = Release|Any CPU
		{A6CADF88-A1B6-43CA-83A7-4D40706E24AD}.Release|x86.ActiveCfg = Release|Any CPU
		{A6CADF88-A1B6-43CA-83A7-4D40706E24AD}.Release|x86.Build.0 = Release|Any CPU
	EndGlobalSection
	GlobalSection(SolutionProperties) = preSolution
		HideSolutionNode = FALSE
	EndGlobalSection
	GlobalSection(NestedProjects) = preSolution
		{6CE117B4-2772-484A-A067-5EFA829D7A07} = {7A3A31A6-AAB8-44AC-9ADB-B2372B1E3674}
		{59122341-1177-4531-87BF-B5373394F374} = {BA1760D6-E6A4-4E68-AF3D-02E112D102B5}
		{30614294-F1DD-499C-8680-A9E6A0BC248E} = {BA1760D6-E6A4-4E68-AF3D-02E112D102B5}
		{0145D067-C448-486D-9FD5-9AA151B82E44} = {EF05D28C-4F6C-4C52-8D2C-5151A1BE93A0}
	EndGlobalSection
	GlobalSection(ExtensibilityGlobals) = postSolution
		SolutionGuid = {CCC43692-0E4B-45C2-907D-222FBB234B1A}
	EndGlobalSection
EndGlobal
